
Microsoft Visual Studio Solution File, Format Version 12.00
Project("{FAE04EC0-301F-11D3-BF4B-00C04F79EFBC}") = "TaskTracker", "TaskTracker\TaskTracker.csproj", "{D85B3CFB-FDAC-4630-88C7-A64ED69C6BC0}"
EndProject
Global
	GlobalSection(SolutionConfigurationPlatforms) = preSolution
		Debug|Any CPU = Debug|Any CPU
		Release|Any CPU = Release|Any CPU
	EndGlobalSection
	GlobalSection(ProjectConfigurationPlatforms) = postSolution
		{D85B3CFB-FDAC-4630-88C7-A64ED69C6BC0}.Debug|Any CPU.ActiveCfg = Debug|Any CPU
		{D85B3CFB-FDAC-4630-88C7-A64ED69C6BC0}.Debug|Any CPU.Build.0 = Debug|Any CPU
		{D85B3CFB-FDAC-4630-88C7-A64ED69C6BC0}.Release|Any CPU.ActiveCfg = Release|Any CPU
		{D85B3CFB-FDAC-4630-88C7-A64ED69C6BC0}.Release|Any CPU.Build.0 = Release|Any CPU
	EndGlobalSection
EndGlobal
